{
  "object": {
    "pins": [
      {
        "package": "PromiseKit",
        "repositoryURL": "git@github.com:mxcl/PromiseKit.git",
        "state": {
          "branch": null,
          "revision": "f14f16cc2602afec1030e4f492100d6d43dca544",
          "version": "6.13.1"
        }
      },
      {
        "package": "SDWebImage",
        "repositoryURL": "https://github.com/SDWebImage/SDWebImage.git",
        "state": {
          "branch": null,
          "revision": "df8bd89a865120fbb84427afc8e9cf7937b924f5",
          "version": "5.8.2"
        }
      },
      {
        "package": "SDWebImageSwiftUI",
        "repositoryURL": "git@github.com:SDWebImage/SDWebImageSwiftUI.git",
        "state": {
          "branch": null,
          "revision": "b60924f6b83bd942b88282ee6da277cfc3b7383a",
          "version": "1.0.0"
        }
      }
    ]
  },
  "version": 1
}
